<?xml version="1.0" encoding="utf-8"?>
<Project ToolsVersion="4.0" xmlns="http://schemas.microsoft.com/developer/msbuild/2003">
  <ItemGroup>
    <Filter Include="Source Files">
      <UniqueIdentifier>{4FC737F1-C7A5-4376-A066-2A32D752A2FF}</UniqueIdentifier>
      <Extensions>cpp;c;cc;cxx;def;odl;idl;hpj;bat;asm;asmx</Extensions>
    </Filter>
    <Filter Include="Header Files">
      <UniqueIdentifier>{93995380-89BD-4b04-88EB-625FBE52EBFB}</UniqueIdentifier>
      <Extensions>h;hh;hpp;hxx;hm;inl;inc;ipp;xsd</Extensions>
    </Filter>
    <Filter Include="Resource Files">
      <UniqueIdentifier>{67DA6AB6-F800-4c08-8B7A-83BB121AAD01}</UniqueIdentifier>
      <Extensions>rc;ico;cur;bmp;dlg;rc2;rct;bin;rgs;gif;jpg;jpeg;jpe;resx;tiff;tif;png;wav;mfcribbon-ms</Extensions>
    </Filter>
    <Filter Include="Header Files\Externals">
      <UniqueIdentifier>{565231bd-5a3c-4dbf-a2ff-326d861670ec}</UniqueIdentifier>
    </Filter>
    <Filter Include="Header Files\Components">
      <UniqueIdentifier>{c972f00f-1d34-4f15-8729-3e81f2a1e83e}</UniqueIdentifier>
    </Filter>
    <Filter Include="Header Files\GameObjects">
      <UniqueIdentifier>{c17e0c9d-aebb-4910-adac-73e06f5dd002}</UniqueIdentifier>
    </Filter>
    <Filter Include="Header Files\Input">
      <UniqueIdentifier>{71cd196f-8020-4405-9bb5-3183342c6ec8}</UniqueIdentifier>
    </Filter>
    <Filter Include="Header Files\Model">
      <UniqueIdentifier>{d763442d-6412-4c94-b98b-92f5141b86c3}</UniqueIdentifier>
    </Filter>
    <Filter Include="Source Files\Externals">
      <UniqueIdentifier>{ea67b6e7-1dac-40bd-9710-d5e70ad8b5e5}</UniqueIdentifier>
    </Filter>
    <Filter Include="Source Files\GameObjects">
      <UniqueIdentifier>{01acb749-9aa5-4233-b038-f98c902cd45e}</UniqueIdentifier>
    </Filter>
    <Filter Include="Source Files\Input">
      <UniqueIdentifier>{90a9e086-2e81-40fb-a0f2-59a888725b7a}</UniqueIdentifier>
    </Filter>
    <Filter Include="Source Files\Model">
      <UniqueIdentifier>{bbe54ee5-20eb-44d4-954c-3cca321f114f}</UniqueIdentifier>
    </Filter>
    <Filter Include="Header Files\AI">
      <UniqueIdentifier>{6f08da2f-a8ae-42a3-8a7d-c1de02ac07d6}</UniqueIdentifier>
    </Filter>
    <Filter Include="Source Files\AI">
      <UniqueIdentifier>{2112d87a-b4fb-4790-8d79-6f68813c9be6}</UniqueIdentifier>
    </Filter>
  </ItemGroup>
  <ItemGroup>
    <ClCompile Include="src\ExampleGame.cpp">
      <Filter>Source Files</Filter>
    </ClCompile>
    <ClCompile Include="src\Game.cpp">
      <Filter>Source Files</Filter>
    </ClCompile>
    <ClCompile Include="src\GLFW_EngineCore.cpp">
      <Filter>Source Files</Filter>
    </ClCompile>
    <ClCompile Include="src\main.cpp">
      <Filter>Source Files</Filter>
    </ClCompile>
    <ClCompile Include="src\Scene.cpp">
      <Filter>Source Files</Filter>
    </ClCompile>
    <ClCompile Include="src\SceneStateComponent.cpp">
      <Filter>Source Files</Filter>
    </ClCompile>
    <ClCompile Include="src\GLAD\glad.c">
      <Filter>Source Files\Externals</Filter>
    </ClCompile>
    <ClCompile Include="src\stb_image.c">
      <Filter>Source Files\Externals</Filter>
    </ClCompile>
    <ClCompile Include="src\jsoncpp.cpp">
      <Filter>Source Files\Externals</Filter>
    </ClCompile>
    <ClCompile Include="src\BackgroundColourGameObject.cpp">
      <Filter>Source Files\GameObjects</Filter>
    </ClCompile>
    <ClCompile Include="src\CollisionObject.cpp">
      <Filter>Source Files\GameObjects</Filter>
    </ClCompile>
    <ClCompile Include="src\DynamicEnviromentObject.cpp">
      <Filter>Source Files\GameObjects</Filter>
    </ClCompile>
    <ClCompile Include="src\StaticEnvironmentObject.cpp">
      <Filter>Source Files\GameObjects</Filter>
    </ClCompile>
    <ClCompile Include="src\PlayerCharacter.cpp">
      <Filter>Source Files\GameObjects</Filter>
    </ClCompile>
    <ClCompile Include="src\InputCommand.cpp">
      <Filter>Source Files\Input</Filter>
    </ClCompile>
    <ClCompile Include="src\InputHandler.cpp">
      <Filter>Source Files\Input</Filter>
    </ClCompile>
    <ClCompile Include="src\Mesh.cpp">
      <Filter>Source Files\Model</Filter>
    </ClCompile>
    <ClCompile Include="src\Model.cpp">
      <Filter>Source Files\Model</Filter>
    </ClCompile>
    <ClCompile Include="src\ModelManager.cpp">
      <Filter>Source Files\Model</Filter>
    </ClCompile>
    <ClCompile Include="src\Recast\Recast.cpp">
      <Filter>Source Files\Externals</Filter>
    </ClCompile>
    <ClCompile Include="src\Recast\RecastAlloc.cpp">
      <Filter>Source Files\Externals</Filter>
    </ClCompile>
    <ClCompile Include="src\Recast\RecastArea.cpp">
      <Filter>Source Files\Externals</Filter>
    </ClCompile>
    <ClCompile Include="src\Recast\RecastAssert.cpp">
      <Filter>Source Files\Externals</Filter>
    </ClCompile>
    <ClCompile Include="src\Recast\RecastContour.cpp">
      <Filter>Source Files\Externals</Filter>
    </ClCompile>
    <ClCompile Include="src\Recast\RecastFilter.cpp">
      <Filter>Source Files\Externals</Filter>
    </ClCompile>
    <ClCompile Include="src\Recast\RecastLayers.cpp">
      <Filter>Source Files\Externals</Filter>
    </ClCompile>
    <ClCompile Include="src\Recast\RecastMesh.cpp">
      <Filter>Source Files\Externals</Filter>
    </ClCompile>
    <ClCompile Include="src\Recast\RecastMeshDetail.cpp">
      <Filter>Source Files\Externals</Filter>
    </ClCompile>
    <ClCompile Include="src\Recast\RecastRasterization.cpp">
      <Filter>Source Files\Externals</Filter>
    </ClCompile>
    <ClCompile Include="src\Recast\RecastRegion.cpp">
      <Filter>Source Files\Externals</Filter>
    </ClCompile>
    <ClCompile Include="src\Detour\DetourAlloc.cpp">
      <Filter>Source Files\Externals</Filter>
    </ClCompile>
    <ClCompile Include="src\Detour\DetourAssert.cpp">
      <Filter>Source Files\Externals</Filter>
    </ClCompile>
    <ClCompile Include="src\Detour\DetourCommon.cpp">
      <Filter>Source Files\Externals</Filter>
    </ClCompile>
    <ClCompile Include="src\Detour\DetourNavMesh.cpp">
      <Filter>Source Files\Externals</Filter>
    </ClCompile>
    <ClCompile Include="src\Detour\DetourNavMeshBuilder.cpp">
      <Filter>Source Files\Externals</Filter>
    </ClCompile>
    <ClCompile Include="src\Detour\DetourNavMeshQuery.cpp">
      <Filter>Source Files\Externals</Filter>
    </ClCompile>
    <ClCompile Include="src\Detour\DetourNode.cpp">
      <Filter>Source Files\Externals</Filter>
    </ClCompile>
    <ClCompile Include="src\AIBehavour.cpp">
      <Filter>Source Files\AI</Filter>
    </ClCompile>
  </ItemGroup>
  <ItemGroup>
    <ClInclude Include="include\ExampleGame.h">
      <Filter>Header Files</Filter>
    </ClInclude>
    <ClInclude Include="include\Game.h">
      <Filter>Header Files</Filter>
    </ClInclude>
    <ClInclude Include="include\GLFW_EngineCore.h">
      <Filter>Header Files</Filter>
    </ClInclude>
    <ClInclude Include="include\IEngineCore.h">
      <Filter>Header Files</Filter>
    </ClInclude>
    <ClInclude Include="include\Scene.h">
      <Filter>Header Files</Filter>
    </ClInclude>
    <ClInclude Include="include\ft2build.h">
      <Filter>Header Files\Externals</Filter>
    </ClInclude>
    <ClInclude Include="include\CameraComponent.h">
      <Filter>Header Files\Components</Filter>
    </ClInclude>
    <ClInclude Include="include\CollisionComponent.h">
      <Filter>Header Files\Components</Filter>
    </ClInclude>
    <ClInclude Include="include\BackgroundColourGameObject.h">
      <Filter>Header Files\GameObjects</Filter>
    </ClInclude>
    <ClInclude Include="include\CollisionObject.h">
      <Filter>Header Files\GameObjects</Filter>
    </ClInclude>
    <ClInclude Include="include\ColourComponent.h">
      <Filter>Header Files\Components</Filter>
    </ClInclude>
    <ClInclude Include="include\Component.h">
      <Filter>Header Files\Components</Filter>
    </ClInclude>
    <ClInclude Include="include\DynamicEnviromentObject.h">
      <Filter>Header Files\GameObjects</Filter>
    </ClInclude>
    <ClInclude Include="include\ModelComponent.h">
      <Filter>Header Files\Components</Filter>
    </ClInclude>
    <ClInclude Include="include\TransformComponent.h">
      <Filter>Header Files\Components</Filter>
    </ClInclude>
    <ClInclude Include="include\SceneStateComponent.h">
      <Filter>Header Files\Components</Filter>
    </ClInclude>
    <ClInclude Include="include\StaticEnvironmentObject.h">
      <Filter>Header Files\GameObjects</Filter>
    </ClInclude>
    <ClInclude Include="include\GameObject.h">
      <Filter>Header Files\GameObjects</Filter>
    </ClInclude>
    <ClInclude Include="include\PlayerCharacter.h">
      <Filter>Header Files\GameObjects</Filter>
    </ClInclude>
    <ClInclude Include="include\InputCommand.h">
      <Filter>Header Files\Input</Filter>
    </ClInclude>
    <ClInclude Include="include\InputHandler.h">
      <Filter>Header Files\Input</Filter>
    </ClInclude>
    <ClInclude Include="include\Mesh.h">
      <Filter>Header Files\Model</Filter>
    </ClInclude>
    <ClInclude Include="include\Model.h">
      <Filter>Header Files\Model</Filter>
    </ClInclude>
    <ClInclude Include="include\ModelManager.h">
      <Filter>Header Files\Model</Filter>
    </ClInclude>
    <ClInclude Include="include\Recast\Include\Recast.h">
      <Filter>Header Files\Externals</Filter>
    </ClInclude>
    <ClInclude Include="include\Recast\Include\RecastAlloc.h">
      <Filter>Header Files\Externals</Filter>
    </ClInclude>
    <ClInclude Include="include\Recast\Include\RecastAssert.h">
      <Filter>Header Files\Externals</Filter>
    </ClInclude>
    <ClInclude Include="include\Detour\Include\DetourAlloc.h">
      <Filter>Header Files\Externals</Filter>
    </ClInclude>
    <ClInclude Include="include\Detour\Include\DetourAssert.h">
      <Filter>Header Files\Externals</Filter>
    </ClInclude>
    <ClInclude Include="include\Detour\Include\DetourCommon.h">
      <Filter>Header Files\Externals</Filter>
    </ClInclude>
    <ClInclude Include="include\Detour\Include\DetourMath.h">
      <Filter>Header Files\Externals</Filter>
    </ClInclude>
    <ClInclude Include="include\Detour\Include\DetourNavMesh.h">
      <Filter>Header Files\Externals</Filter>
    </ClInclude>
    <ClInclude Include="include\Detour\Include\DetourNavMeshBuilder.h">
      <Filter>Header Files\Externals</Filter>
    </ClInclude>
    <ClInclude Include="include\Detour\Include\DetourNavMeshQuery.h">
      <Filter>Header Files\Externals</Filter>
    </ClInclude>
    <ClInclude Include="include\Detour\Include\DetourNode.h">
      <Filter>Header Files\Externals</Filter>
    </ClInclude>
    <ClInclude Include="include\Detour\Include\DetourStatus.h">
      <Filter>Header Files\Externals</Filter>
    </ClInclude>
    <ClInclude Include="NavMesh.h">
      <Filter>Header Files\AI</Filter>
    </ClInclude>
    <ClInclude Include="include\Node.h">
      <Filter>Header Files\AI</Filter>
    </ClInclude>
    <ClInclude Include="include\Selector.h">
      <Filter>Header Files\AI</Filter>
    </ClInclude>
    <ClInclude Include="include\Sequence.h">
      <Filter>Header Files\AI</Filter>
    </ClInclude>
    <ClInclude Include="include\wander.h">
      <Filter>Header Files\AI</Filter>
    </ClInclude>
  </ItemGroup>
</Project>